
Microsoft Visual Studio Solution File, Format Version 12.00
# Visual Studio 15
VisualStudioVersion = 15.0.33403.129
MinimumVisualStudioVersion = 10.0.40219.1
Project("{FAE04EC0-301F-11D3-BF4B-00C04F79EFBC}") = "UrlShortener", "UrlShortener\UrlShortener.csproj", "{48CB4369-1415-47A6-852C-4664DF4A8D4D}"
EndProject
Global
	GlobalSection(SolutionConfigurationPlatforms) = preSolution
		Debug|Any CPU = Debug|Any CPU
		Release|Any CPU = Release|Any CPU
	EndGlobalSection
	GlobalSection(ProjectConfigurationPlatforms) = postSolution
		{48CB4369-1415-47A6-852C-4664DF4A8D4D}.Debug|Any CPU.ActiveCfg = Debug|Any CPU
		{48CB4369-1415-47A6-852C-4664DF4A8D4D}.Debug|Any CPU.Build.0 = Debug|Any CPU
		{48CB4369-1415-47A6-852C-4664DF4A8D4D}.Release|Any CPU.ActiveCfg = Release|Any CPU
		{48CB4369-1415-47A6-852C-4664DF4A8D4D}.Release|Any CPU.Build.0 = Release|Any CPU
	EndGlobalSection
	GlobalSection(SolutionProperties) = preSolution
		HideSolutionNode = FALSE
	EndGlobalSection
	GlobalSection(ExtensibilityGlobals) = postSolution
		SolutionGuid = {EAAFF53B-CE4C-48CF-A61E-A015A532A136}
	EndGlobalSection
EndGlobal
